{
  "originHash" : "3c96f2a7fbbebb0f1d100b219a3fdd34fb507dc2b014d87fd8eb5b705395d9ff",
  "pins" : [
    {
      "identity" : "llama.swift",
      "kind" : "remoteSourceControl",
      "location" : "https://github.com/mattt/llama.swift.git",
      "state" : {
        "branch" : "main",
        "revision" : "6af909dc45ca72b743ddb68510217c9a4f0a5036"
      }
    }
  ],
  "version" : 3
}
